// !$*UTF8*$!
{
	archiveVersion = 1;
	classes = {
	};
	objectVersion = 48;
	objects = {

/* Begin PBXBuildFile section */
		3ADC598D2087C8DD00E0695F /* GoogleService-Info.plist in Resources */ = {isa = PBXBuildFile; fileRef = 3ADC598C2087C8DD00E0695F /* GoogleService-Info.plist */; };
		7E3AA859483095CA29C80B5E /* Pods_Detech_.framework in Frameworks */ = {isa = PBXBuildFile; fileRef = 262014AA2D6AF96E88EE32F7 /* Pods_Detech_.framework */; };
		C60750BB204CACEF0044C7E4 /* AppDelegate.swift in Sources */ = {isa = PBXBuildFile; fileRef = C60750BA204CACEF0044C7E4 /* AppDelegate.swift */; };
		C60750BD204CACEF0044C7E4 /* ViewController.swift in Sources */ = {isa = PBXBuildFile; fileRef = C60750BC204CACEF0044C7E4 /* ViewController.swift */; };
		C60750C0204CACEF0044C7E4 /* Main.storyboard in Resources */ = {isa = PBXBuildFile; fileRef = C60750BE204CACEF0044C7E4 /* Main.storyboard */; };
		C60750C2204CACEF0044C7E4 /* Assets.xcassets in Resources */ = {isa = PBXBuildFile; fileRef = C60750C1204CACEF0044C7E4 /* Assets.xcassets */; };
		C60750C5204CACEF0044C7E4 /* LaunchScreen.storyboard in Resources */ = {isa = PBXBuildFile; fileRef = C60750C3204CACEF0044C7E4 /* LaunchScreen.storyboard */; };
		C6626EC22086632100B93068 /* ContactStruct.swift in Sources */ = {isa = PBXBuildFile; fileRef = C6626EC12086632100B93068 /* ContactStruct.swift */; };
		C69A900D208647340065745B /* NewViewController.swift in Sources */ = {isa = PBXBuildFile; fileRef = C69A900C208647340065745B /* NewViewController.swift */; };
		C69A901320864C1F0065745B /* MapViewController.swift in Sources */ = {isa = PBXBuildFile; fileRef = C69A901220864C1F0065745B /* MapViewController.swift */; };
		C69A9015208657920065745B /* EmergencyContactViewController.swift in Sources */ = {isa = PBXBuildFile; fileRef = C69A9014208657920065745B /* EmergencyContactViewController.swift */; };
		C6A66F572058C7F500891223 /* RegisterPageViewController.swift in Sources */ = {isa = PBXBuildFile; fileRef = C6A66F562058C7F500891223 /* RegisterPageViewController.swift */; };
		C6A66F592058D06A00891223 /* LoginViewController.swift in Sources */ = {isa = PBXBuildFile; fileRef = C6A66F582058D06A00891223 /* LoginViewController.swift */; };
		C6EC4E64206C5AE300D02C9D /* AppDelegate.m in Sources */ = {isa = PBXBuildFile; fileRef = C6EC4E63206C5AE300D02C9D /* AppDelegate.m */; };
		C6EC4E67206C5BAE00D02C9D /* FFTCalculator.m in Sources */ = {isa = PBXBuildFile; fileRef = C6EC4E66206C5BAE00D02C9D /* FFTCalculator.m */; };
		C6EC4E6A206C5D9900D02C9D /* ViewController.m in Sources */ = {isa = PBXBuildFile; fileRef = C6EC4E69206C5D9900D02C9D /* ViewController.m */; };
		C6EC4E71206C632900D02C9D /* main_.m in Sources */ = {isa = PBXBuildFile; fileRef = C6EC4E70206C632900D02C9D /* main_.m */; };
		C6EC4E76206C643800D02C9D /* FFTMain.storyboard in Resources */ = {isa = PBXBuildFile; fileRef = C6EC4E75206C643800D02C9D /* FFTMain.storyboard */; };
		C6EC4E78206C650000D02C9D /* FFTLaunchScreen.storyboard in Resources */ = {isa = PBXBuildFile; fileRef = C6EC4E77206C650000D02C9D /* FFTLaunchScreen.storyboard */; };
/* End PBXBuildFile section */

/* Begin PBXFileReference section */
		262014AA2D6AF96E88EE32F7 /* Pods_Detech_.framework */ = {isa = PBXFileReference; explicitFileType = wrapper.framework; includeInIndex = 0; path = Pods_Detech_.framework; sourceTree = BUILT_PRODUCTS_DIR; };
		2C352AF7294147A9B23CE915 /* Pods-Detech_.debug.xcconfig */ = {isa = PBXFileReference; includeInIndex = 1; lastKnownFileType = text.xcconfig; name = "Pods-Detech_.debug.xcconfig"; path = "Pods/Target Support Files/Pods-Detech_/Pods-Detech_.debug.xcconfig"; sourceTree = "<group>"; };
		3ADC598C2087C8DD00E0695F /* GoogleService-Info.plist */ = {isa = PBXFileReference; fileEncoding = 4; lastKnownFileType = text.plist.xml; path = "GoogleService-Info.plist"; sourceTree = "<group>"; };
		A937FB33A822028696F5FFFB /* Pods-Detech_.release.xcconfig */ = {isa = PBXFileReference; includeInIndex = 1; lastKnownFileType = text.xcconfig; name = "Pods-Detech_.release.xcconfig"; path = "Pods/Target Support Files/Pods-Detech_/Pods-Detech_.release.xcconfig"; sourceTree = "<group>"; };
		C60750B7204CACEF0044C7E4 /* Detech_.app */ = {isa = PBXFileReference; explicitFileType = wrapper.application; includeInIndex = 0; path = Detech_.app; sourceTree = BUILT_PRODUCTS_DIR; };
		C60750BA204CACEF0044C7E4 /* AppDelegate.swift */ = {isa = PBXFileReference; lastKnownFileType = sourcecode.swift; path = AppDelegate.swift; sourceTree = "<group>"; };
		C60750BC204CACEF0044C7E4 /* ViewController.swift */ = {isa = PBXFileReference; lastKnownFileType = sourcecode.swift; path = ViewController.swift; sourceTree = "<group>"; };
		C60750BF204CACEF0044C7E4 /* Base */ = {isa = PBXFileReference; lastKnownFileType = file.storyboard; name = Base; path = Base.lproj/Main.storyboard; sourceTree = "<group>"; };
		C60750C1204CACEF0044C7E4 /* Assets.xcassets */ = {isa = PBXFileReference; lastKnownFileType = folder.assetcatalog; path = Assets.xcassets; sourceTree = "<group>"; };
		C60750C4204CACEF0044C7E4 /* Base */ = {isa = PBXFileReference; lastKnownFileType = file.storyboard; name = Base; path = Base.lproj/LaunchScreen.storyboard; sourceTree = "<group>"; };
		C60750C6204CACEF0044C7E4 /* Info.plist */ = {isa = PBXFileReference; lastKnownFileType = text.plist.xml; path = Info.plist; sourceTree = "<group>"; };
		C6626EC12086632100B93068 /* ContactStruct.swift */ = {isa = PBXFileReference; lastKnownFileType = sourcecode.swift; path = ContactStruct.swift; sourceTree = "<group>"; };
		C69A900C208647340065745B /* NewViewController.swift */ = {isa = PBXFileReference; lastKnownFileType = sourcecode.swift; path = NewViewController.swift; sourceTree = "<group>"; };
		C69A901220864C1F0065745B /* MapViewController.swift */ = {isa = PBXFileReference; lastKnownFileType = sourcecode.swift; path = MapViewController.swift; sourceTree = "<group>"; };
		C69A9014208657920065745B /* EmergencyContactViewController.swift */ = {isa = PBXFileReference; lastKnownFileType = sourcecode.swift; path = EmergencyContactViewController.swift; sourceTree = "<group>"; };
		C6A66F562058C7F500891223 /* RegisterPageViewController.swift */ = {isa = PBXFileReference; lastKnownFileType = sourcecode.swift; path = RegisterPageViewController.swift; sourceTree = "<group>"; };
		C6A66F582058D06A00891223 /* LoginViewController.swift */ = {isa = PBXFileReference; lastKnownFileType = sourcecode.swift; path = LoginViewController.swift; sourceTree = "<group>"; };
		C6EC4E5B206C4A9B00D02C9D /* BridgingHeader.h */ = {isa = PBXFileReference; lastKnownFileType = sourcecode.c.h; path = BridgingHeader.h; sourceTree = "<group>"; };
		C6EC4E62206C5AE300D02C9D /* AppDelegate.h */ = {isa = PBXFileReference; lastKnownFileType = sourcecode.c.h; path = AppDelegate.h; sourceTree = "<group>"; };
		C6EC4E63206C5AE300D02C9D /* AppDelegate.m */ = {isa = PBXFileReference; lastKnownFileType = sourcecode.c.objc; path = AppDelegate.m; sourceTree = "<group>"; };
		C6EC4E65206C5BAE00D02C9D /* FFTCalculator.h */ = {isa = PBXFileReference; lastKnownFileType = sourcecode.c.h; path = FFTCalculator.h; sourceTree = "<group>"; };
		C6EC4E66206C5BAE00D02C9D /* FFTCalculator.m */ = {isa = PBXFileReference; lastKnownFileType = sourcecode.c.objc; path = FFTCalculator.m; sourceTree = "<group>"; };
		C6EC4E68206C5D9900D02C9D /* ViewController.h */ = {isa = PBXFileReference; lastKnownFileType = sourcecode.c.h; path = ViewController.h; sourceTree = "<group>"; };
		C6EC4E69206C5D9900D02C9D /* ViewController.m */ = {isa = PBXFileReference; lastKnownFileType = sourcecode.c.objc; path = ViewController.m; sourceTree = "<group>"; };
		C6EC4E70206C632900D02C9D /* main_.m */ = {isa = PBXFileReference; lastKnownFileType = sourcecode.c.objc; path = main_.m; sourceTree = "<group>"; };
		C6EC4E75206C643800D02C9D /* FFTMain.storyboard */ = {isa = PBXFileReference; lastKnownFileType = file.storyboard; path = FFTMain.storyboard; sourceTree = "<group>"; };
		C6EC4E77206C650000D02C9D /* FFTLaunchScreen.storyboard */ = {isa = PBXFileReference; lastKnownFileType = file.storyboard; path = FFTLaunchScreen.storyboard; sourceTree = "<group>"; };
/* End PBXFileReference section */

/* Begin PBXFrameworksBuildPhase section */
		C60750B4204CACEF0044C7E4 /* Frameworks */ = {
			isa = PBXFrameworksBuildPhase;
			buildActionMask = 2147483647;
			files = (
				7E3AA859483095CA29C80B5E /* Pods_Detech_.framework in Frameworks */,
			);
			runOnlyForDeploymentPostprocessing = 0;
		};
/* End PBXFrameworksBuildPhase section */

/* Begin PBXGroup section */
		C137FBB60C7E5836B00B805E /* Frameworks */ = {
			isa = PBXGroup;
			children = (
				262014AA2D6AF96E88EE32F7 /* Pods_Detech_.framework */,
			);
			name = Frameworks;
			sourceTree = "<group>";
		};
		C60750AE204CACEF0044C7E4 = {
			isa = PBXGroup;
			children = (
				C60750B9204CACEF0044C7E4 /* Detech_ */,
				C60750B8204CACEF0044C7E4 /* Products */,
				EDCE6F7A523F12BD56954758 /* Pods */,
				C137FBB60C7E5836B00B805E /* Frameworks */,
			);
			sourceTree = "<group>";
		};
		C60750B8204CACEF0044C7E4 /* Products */ = {
			isa = PBXGroup;
			children = (
				C60750B7204CACEF0044C7E4 /* Detech_.app */,
			);
			name = Products;
			sourceTree = "<group>";
		};
		C60750B9204CACEF0044C7E4 /* Detech_ */ = {
			isa = PBXGroup;
			children = (
				C60750BA204CACEF0044C7E4 /* AppDelegate.swift */,
				C69A900C208647340065745B /* NewViewController.swift */,
				C60750BC204CACEF0044C7E4 /* ViewController.swift */,
				C69A901220864C1F0065745B /* MapViewController.swift */,
				C69A9014208657920065745B /* EmergencyContactViewController.swift */,
				C6626EC12086632100B93068 /* ContactStruct.swift */,
				C60750BE204CACEF0044C7E4 /* Main.storyboard */,
				C60750C1204CACEF0044C7E4 /* Assets.xcassets */,
				C60750C3204CACEF0044C7E4 /* LaunchScreen.storyboard */,
				3ADC598C2087C8DD00E0695F /* GoogleService-Info.plist */,
				C60750C6204CACEF0044C7E4 /* Info.plist */,
				C6A66F562058C7F500891223 /* RegisterPageViewController.swift */,
				C6A66F582058D06A00891223 /* LoginViewController.swift */,
				C6EC4E5B206C4A9B00D02C9D /* BridgingHeader.h */,
				C6EC4E77206C650000D02C9D /* FFTLaunchScreen.storyboard */,
				C6EC4E75206C643800D02C9D /* FFTMain.storyboard */,
				C6EC4E70206C632900D02C9D /* main_.m */,
				C6EC4E68206C5D9900D02C9D /* ViewController.h */,
				C6EC4E69206C5D9900D02C9D /* ViewController.m */,
				C6EC4E65206C5BAE00D02C9D /* FFTCalculator.h */,
				C6EC4E66206C5BAE00D02C9D /* FFTCalculator.m */,
				C6EC4E62206C5AE300D02C9D /* AppDelegate.h */,
				C6EC4E63206C5AE300D02C9D /* AppDelegate.m */,
			);
			path = Detech_;
			sourceTree = "<group>";
		};
		EDCE6F7A523F12BD56954758 /* Pods */ = {
			isa = PBXGroup;
			children = (
				2C352AF7294147A9B23CE915 /* Pods-Detech_.debug.xcconfig */,
				A937FB33A822028696F5FFFB /* Pods-Detech_.release.xcconfig */,
			);
			name = Pods;
			sourceTree = "<group>";
		};
/* End PBXGroup section */

/* Begin PBXNativeTarget section */
		C60750B6204CACEF0044C7E4 /* Detech_ */ = {
			isa = PBXNativeTarget;
			buildConfigurationList = C60750C9204CACEF0044C7E4 /* Build configuration list for PBXNativeTarget "Detech_" */;
			buildPhases = (
				4E284FA6588E323A214AEF7A /* [CP] Check Pods Manifest.lock */,
				C60750B3204CACEF0044C7E4 /* Sources */,
				C60750B4204CACEF0044C7E4 /* Frameworks */,
				C60750B5204CACEF0044C7E4 /* Resources */,
				E10E74DB4FDC56CF013C7304 /* [CP] Embed Pods Frameworks */,
				43073430DA6A348E4397447D /* [CP] Copy Pods Resources */,
			);
			buildRules = (
			);
			dependencies = (
			);
			name = Detech_;
			productName = Detech_;
			productReference = C60750B7204CACEF0044C7E4 /* Detech_.app */;
			productType = "com.apple.product-type.application";
		};
/* End PBXNativeTarget section */

/* Begin PBXProject section */
		C60750AF204CACEF0044C7E4 /* Project object */ = {
			isa = PBXProject;
			attributes = {
				LastSwiftUpdateCheck = 0920;
				LastUpgradeCheck = 0930;
				ORGANIZATIONNAME = "Teslim Salami";
				TargetAttributes = {
					C60750B6204CACEF0044C7E4 = {
						CreatedOnToolsVersion = 9.2;
						LastSwiftMigration = 0920;
						ProvisioningStyle = Automatic;
					};
				};
			};
			buildConfigurationList = C60750B2204CACEF0044C7E4 /* Build configuration list for PBXProject "Detech_" */;
			compatibilityVersion = "Xcode 8.0";
			developmentRegion = en;
			hasScannedForEncodings = 0;
			knownRegions = (
				en,
				Base,
			);
			mainGroup = C60750AE204CACEF0044C7E4;
			productRefGroup = C60750B8204CACEF0044C7E4 /* Products */;
			projectDirPath = "";
			projectRoot = "";
			targets = (
				C60750B6204CACEF0044C7E4 /* Detech_ */,
			);
		};
/* End PBXProject section */

/* Begin PBXResourcesBuildPhase section */
		C60750B5204CACEF0044C7E4 /* Resources */ = {
			isa = PBXResourcesBuildPhase;
			buildActionMask = 2147483647;
			files = (
				C6EC4E78206C650000D02C9D /* FFTLaunchScreen.storyboard in Resources */,
				C60750C5204CACEF0044C7E4 /* LaunchScreen.storyboard in Resources */,
				C60750C2204CACEF0044C7E4 /* Assets.xcassets in Resources */,
				C60750C0204CACEF0044C7E4 /* Main.storyboard in Resources */,
				C6EC4E76206C643800D02C9D /* FFTMain.storyboard in Resources */,
				3ADC598D2087C8DD00E0695F /* GoogleService-Info.plist in Resources */,
			);
			runOnlyForDeploymentPostprocessing = 0;
		};
/* End PBXResourcesBuildPhase section */

/* Begin PBXShellScriptBuildPhase section */
		43073430DA6A348E4397447D /* [CP] Copy Pods Resources */ = {
			isa = PBXShellScriptBuildPhase;
			buildActionMask = 2147483647;
			files = (
			);
			inputPaths = (
				"${SRCROOT}/Pods/Target Support Files/Pods-Detech_/Pods-Detech_-resources.sh",
				"${PODS_ROOT}/GoogleMaps/Maps/Frameworks/GoogleMaps.framework/Resources/GoogleMaps.bundle",
				"${PODS_ROOT}/GooglePlaces/Frameworks/GooglePlaces.framework/Resources/GooglePlaces.bundle",
			);
			name = "[CP] Copy Pods Resources";
			outputPaths = (
				"${TARGET_BUILD_DIR}/${UNLOCALIZED_RESOURCES_FOLDER_PATH}/GoogleMaps.bundle",
				"${TARGET_BUILD_DIR}/${UNLOCALIZED_RESOURCES_FOLDER_PATH}/GooglePlaces.bundle",
			);
			runOnlyForDeploymentPostprocessing = 0;
			shellPath = /bin/sh;
			shellScript = "\"${SRCROOT}/Pods/Target Support Files/Pods-Detech_/Pods-Detech_-resources.sh\"\n";
			showEnvVarsInLog = 0;
		};
		4E284FA6588E323A214AEF7A /* [CP] Check Pods Manifest.lock */ = {
			isa = PBXShellScriptBuildPhase;
			buildActionMask = 2147483647;
			files = (
			);
			inputPaths = (
				"${PODS_PODFILE_DIR_PATH}/Podfile.lock",
				"${PODS_ROOT}/Manifest.lock",
			);
			name = "[CP] Check Pods Manifest.lock";
			outputPaths = (
				"$(DERIVED_FILE_DIR)/Pods-Detech_-checkManifestLockResult.txt",
			);
			runOnlyForDeploymentPostprocessing = 0;
			shellPath = /bin/sh;
			shellScript = "diff \"${PODS_PODFILE_DIR_PATH}/Podfile.lock\" \"${PODS_ROOT}/Manifest.lock\" > /dev/null\nif [ $? != 0 ] ; then\n    # print error to STDERR\n    echo \"error: The sandbox is not in sync with the Podfile.lock. Run 'pod install' or update your CocoaPods installation.\" >&2\n    exit 1\nfi\n# This output is used by Xcode 'outputs' to avoid re-running this script phase.\necho \"SUCCESS\" > \"${SCRIPT_OUTPUT_FILE_0}\"\n";
			showEnvVarsInLog = 0;
		};
		E10E74DB4FDC56CF013C7304 /* [CP] Embed Pods Frameworks */ = {
			isa = PBXShellScriptBuildPhase;
			buildActionMask = 2147483647;
			files = (
			);
			inputPaths = (
				"${SRCROOT}/Pods/Target Support Files/Pods-Detech_/Pods-Detech_-frameworks.sh",
				"${BUILT_PRODUCTS_DIR}/GoogleToolboxForMac/GoogleToolboxForMac.framework",
				"${BUILT_PRODUCTS_DIR}/leveldb-library/leveldb.framework",
				"${BUILT_PRODUCTS_DIR}/nanopb/nanopb.framework",
			);
			name = "[CP] Embed Pods Frameworks";
			outputPaths = (
				"${TARGET_BUILD_DIR}/${FRAMEWORKS_FOLDER_PATH}/GoogleToolboxForMac.framework",
				"${TARGET_BUILD_DIR}/${FRAMEWORKS_FOLDER_PATH}/leveldb.framework",
				"${TARGET_BUILD_DIR}/${FRAMEWORKS_FOLDER_PATH}/nanopb.framework",
			);
			runOnlyForDeploymentPostprocessing = 0;
			shellPath = /bin/sh;
			shellScript = "\"${SRCROOT}/Pods/Target Support Files/Pods-Detech_/Pods-Detech_-frameworks.sh\"\n";
			showEnvVarsInLog = 0;
		};
/* End PBXShellScriptBuildPhase section */

/* Begin PBXSourcesBuildPhase section */
		C60750B3204CACEF0044C7E4 /* Sources */ = {
			isa = PBXSourcesBuildPhase;
			buildActionMask = 2147483647;
			files = (
				C6EC4E6A206C5D9900D02C9D /* ViewController.m in Sources */,
				C6EC4E67206C5BAE00D02C9D /* FFTCalculator.m in Sources */,
				C6A66F592058D06A00891223 /* LoginViewController.swift in Sources */,
				C69A901320864C1F0065745B /* MapViewController.swift in Sources */,
				C6EC4E64206C5AE300D02C9D /* AppDelegate.m in Sources */,
				C69A9015208657920065745B /* EmergencyContactViewController.swift in Sources */,
				C60750BD204CACEF0044C7E4 /* ViewController.swift in Sources */,
				C6626EC22086632100B93068 /* ContactStruct.swift in Sources */,
				C60750BB204CACEF0044C7E4 /* AppDelegate.swift in Sources */,
				C6EC4E71206C632900D02C9D /* main_.m in Sources */,
				C69A900D208647340065745B /* NewViewController.swift in Sources */,
				C6A66F572058C7F500891223 /* RegisterPageViewController.swift in Sources */,
			);
			runOnlyForDeploymentPostprocessing = 0;
		};
/* End PBXSourcesBuildPhase section */

/* Begin PBXVariantGroup section */
		C60750BE204CACEF0044C7E4 /* Main.storyboard */ = {
			isa = PBXVariantGroup;
			children = (
				C60750BF204CACEF0044C7E4 /* Base */,
			);
			name = Main.storyboard;
			sourceTree = "<group>";
		};
		C60750C3204CACEF0044C7E4 /* LaunchScreen.storyboard */ = {
			isa = PBXVariantGroup;
			children = (
				C60750C4204CACEF0044C7E4 /* Base */,
			);
			name = LaunchScreen.storyboard;
			sourceTree = "<group>";
		};
/* End PBXVariantGroup section */

/* Begin XCBuildConfiguration section */
		C60750C7204CACEF0044C7E4 /* Debug */ = {
			isa = XCBuildConfiguration;
			buildSettings = {
				ALWAYS_SEARCH_USER_PATHS = NO;
				CLANG_ANALYZER_NONNULL = YES;
				CLANG_ANALYZER_NUMBER_OBJECT_CONVERSION = YES_AGGRESSIVE;
				CLANG_CXX_LANGUAGE_STANDARD = "gnu++14";
				CLANG_CXX_LIBRARY = "libc++";
				CLANG_ENABLE_MODULES = YES;
				CLANG_ENABLE_OBJC_ARC = YES;
				CLANG_WARN_BLOCK_CAPTURE_AUTORELEASING = YES;
				CLANG_WARN_BOOL_CONVERSION = YES;
				CLANG_WARN_COMMA = YES;
				CLANG_WARN_CONSTANT_CONVERSION = YES;
				CLANG_WARN_DEPRECATED_OBJC_IMPLEMENTATIONS = YES;
				CLANG_WARN_DIRECT_OBJC_ISA_USAGE = YES_ERROR;
				CLANG_WARN_DOCUMENTATION_COMMENTS = YES;
				CLANG_WARN_EMPTY_BODY = YES;
				CLANG_WARN_ENUM_CONVERSION = YES;
				CLANG_WARN_INFINITE_RECURSION = YES;
				CLANG_WARN_INT_CONVERSION = YES;
				CLANG_WARN_NON_LITERAL_NULL_CONVERSION = YES;
				CLANG_WARN_OBJC_IMPLICIT_RETAIN_SELF = YES;
				CLANG_WARN_OBJC_LITERAL_CONVERSION = YES;
				CLANG_WARN_OBJC_ROOT_CLASS = YES_ERROR;
				CLANG_WARN_RANGE_LOOP_ANALYSIS = YES;
				CLANG_WARN_STRICT_PROTOTYPES = YES;
				CLANG_WARN_SUSPICIOUS_MOVE = YES;
				CLANG_WARN_UNGUARDED_AVAILABILITY = YES_AGGRESSIVE;
				CLANG_WARN_UNREACHABLE_CODE = YES;
				CLANG_WARN__DUPLICATE_METHOD_MATCH = YES;
				CODE_SIGN_IDENTITY = "iPhone Developer";
				COPY_PHASE_STRIP = NO;
				DEBUG_INFORMATION_FORMAT = dwarf;
				ENABLE_STRICT_OBJC_MSGSEND = YES;
				ENABLE_TESTABILITY = YES;
				GCC_C_LANGUAGE_STANDARD = gnu11;
				GCC_DYNAMIC_NO_PIC = NO;
				GCC_NO_COMMON_BLOCKS = YES;
				GCC_OPTIMIZATION_LEVEL = 0;
				GCC_PREPROCESSOR_DEFINITIONS = (
					"DEBUG=1",
					"$(inherited)",
				);
				GCC_WARN_64_TO_32_BIT_CONVERSION = YES;
				GCC_WARN_ABOUT_RETURN_TYPE = YES_ERROR;
				GCC_WARN_UNDECLARED_SELECTOR = YES;
				GCC_WARN_UNINITIALIZED_AUTOS = YES_AGGRESSIVE;
				GCC_WARN_UNUSED_FUNCTION = YES;
				GCC_WARN_UNUSED_VARIABLE = YES;
				IPHONEOS_DEPLOYMENT_TARGET = 11.2;
				MTL_ENABLE_DEBUG_INFO = YES;
				ONLY_ACTIVE_ARCH = YES;
				SDKROOT = iphoneos;
				SWIFT_ACTIVE_COMPILATION_CONDITIONS = DEBUG;
				SWIFT_OPTIMIZATION_LEVEL = "-Onone";
			};
			name = Debug;
		};
		C60750C8204CACEF0044C7E4 /* Release */ = {
			isa = XCBuildConfiguration;
			buildSettings = {
				ALWAYS_SEARCH_USER_PATHS = NO;
				CLANG_ANALYZER_NONNULL = YES;
				CLANG_ANALYZER_NUMBER_OBJECT_CONVERSION = YES_AGGRESSIVE;
				CLANG_CXX_LANGUAGE_STANDARD = "gnu++14";
				CLANG_CXX_LIBRARY = "libc++";
				CLANG_ENABLE_MODULES = YES;
				CLANG_ENABLE_OBJC_ARC = YES;
				CLANG_WARN_BLOCK_CAPTURE_AUTORELEASING = YES;
				CLANG_WARN_BOOL_CONVERSION = YES;
				CLANG_WARN_COMMA = YES;
				CLANG_WARN_CONSTANT_CONVERSION = YES;
				CLANG_WARN_DEPRECATED_OBJC_IMPLEMENTATIONS = YES;
				CLANG_WARN_DIRECT_OBJC_ISA_USAGE = YES_ERROR;
				CLANG_WARN_DOCUMENTATION_COMMENTS = YES;
				CLANG_WARN_EMPTY_BODY = YES;
				CLANG_WARN_ENUM_CONVERSION = YES;
				CLANG_WARN_INFINITE_RECURSION = YES;
				CLANG_WARN_INT_CONVERSION = YES;
				CLANG_WARN_NON_LITERAL_NULL_CONVERSION = YES;
				CLANG_WARN_OBJC_IMPLICIT_RETAIN_SELF = YES;
				CLANG_WARN_OBJC_LITERAL_CONVERSION = YES;
				CLANG_WARN_OBJC_ROOT_CLASS = YES_ERROR;
				CLANG_WARN_RANGE_LOOP_ANALYSIS = YES;
				CLANG_WARN_STRICT_PROTOTYPES = YES;
				CLANG_WARN_SUSPICIOUS_MOVE = YES;
				CLANG_WARN_UNGUARDED_AVAILABILITY = YES_AGGRESSIVE;
				CLANG_WARN_UNREACHABLE_CODE = YES;
				CLANG_WARN__DUPLICATE_METHOD_MATCH = YES;
				CODE_SIGN_IDENTITY = "iPhone Developer";
				COPY_PHASE_STRIP = NO;
				DEBUG_INFORMATION_FORMAT = "dwarf-with-dsym";
				ENABLE_NS_ASSERTIONS = NO;
				ENABLE_STRICT_OBJC_MSGSEND = YES;
				GCC_C_LANGUAGE_STANDARD = gnu11;
				GCC_NO_COMMON_BLOCKS = YES;
				GCC_WARN_64_TO_32_BIT_CONVERSION = YES;
				GCC_WARN_ABOUT_RETURN_TYPE = YES_ERROR;
				GCC_WARN_UNDECLARED_SELECTOR = YES;
				GCC_WARN_UNINITIALIZED_AUTOS = YES_AGGRESSIVE;
				GCC_WARN_UNUSED_FUNCTION = YES;
				GCC_WARN_UNUSED_VARIABLE = YES;
				IPHONEOS_DEPLOYMENT_TARGET = 11.2;
				MTL_ENABLE_DEBUG_INFO = NO;
				SDKROOT = iphoneos;
				SWIFT_OPTIMIZATION_LEVEL = "-Owholemodule";
				VALIDATE_PRODUCT = YES;
			};
			name = Release;
		};
		C60750CA204CACEF0044C7E4 /* Debug */ = {
			isa = XCBuildConfiguration;
			baseConfigurationReference = 2C352AF7294147A9B23CE915 /* Pods-Detech_.debug.xcconfig */;
			buildSettings = {
				ASSETCATALOG_COMPILER_APPICON_NAME = AppIcon;
				CLANG_ENABLE_MODULES = YES;
				CODE_SIGN_STYLE = Automatic;
				DEVELOPMENT_TEAM = GL8LMC474B;
				INFOPLIST_FILE = Detech_/Info.plist;
				LD_RUNPATH_SEARCH_PATHS = "$(inherited) @executable_path/Frameworks";
				PRODUCT_BUNDLE_IDENTIFIER = "com.teslimsalami.Detech-";
				PRODUCT_NAME = "$(TARGET_NAME)";
				SWIFT_OBJC_BRIDGING_HEADER = Detech_/BridgingHeader.h;
				SWIFT_OPTIMIZATION_LEVEL = "-Onone";
				SWIFT_VERSION = 4.0;
				TARGETED_DEVICE_FAMILY = "1,2";
			};
			name = Debug;
		};
		C60750CB204CACEF0044C7E4 /* Release */ = {
			isa = XCBuildConfiguration;
			baseConfigurationReference = A937FB33A822028696F5FFFB /* Pods-Detech_.release.xcconfig */;
			buildSettings = {
				ASSETCATALOG_COMPILER_APPICON_NAME = AppIcon;
				CLANG_ENABLE_MODULES = YES;
				CODE_SIGN_STYLE = Automatic;
				DEVELOPMENT_TEAM = GL8LMC474B;
				INFOPLIST_FILE = Detech_/Info.plist;
				LD_RUNPATH_SEARCH_PATHS = "$(inherited) @executable_path/Frameworks";
				PRODUCT_BUNDLE_IDENTIFIER = "com.teslimsalami.Detech-";
				PRODUCT_NAME = "$(TARGET_NAME)";
				SWIFT_OBJC_BRIDGING_HEADER = Detech_/BridgingHeader.h;
				SWIFT_VERSION = 4.0;
				TARGETED_DEVICE_FAMILY = "1,2";
			};
			name = Release;
		};
/* End XCBuildConfiguration section */

/* Begin XCConfigurationList section */
		C60750B2204CACEF0044C7E4 /* Build configuration list for PBXProject "Detech_" */ = {
			isa = XCConfigurationList;
			buildConfigurations = (
				C60750C7204CACEF0044C7E4 /* Debug */,
				C60750C8204CACEF0044C7E4 /* Release */,
			);
			defaultConfigurationIsVisible = 0;
			defaultConfigurationName = Release;
		};
		C60750C9204CACEF0044C7E4 /* Build configuration list for PBXNativeTarget "Detech_" */ = {
			isa = XCConfigurationList;
			buildConfigurations = (
				C60750CA204CACEF0044C7E4 /* Debug */,
				C60750CB204CACEF0044C7E4 /* Release */,
			);
			defaultConfigurationIsVisible = 0;
			defaultConfigurationName = Release;
		};
/* End XCConfigurationList section */
	};
	rootObject = C60750AF204CACEF0044C7E4 /* Project object */;
}
